
Microsoft Visual Studio Solution File, Format Version 12.00
# Visual Studio 14
VisualStudioVersion = 14.0.25420.1
MinimumVisualStudioVersion = 10.0.40219.1
Project("{FAE04EC0-301F-11D3-BF4B-00C04F79EFBC}") = "Wiring", "Inti\Wiring.csproj", "{88033076-61F4-4D35-A975-53E3F62CAEB7}"
EndProject
Project("{FAE04EC0-301F-11D3-BF4B-00C04F79EFBC}") = "GeoUsersServices", "GeoUsers.Services\GeoUsersServices.csproj", "{1F6187D2-98F3-4221-B8C5-26D44604E50A}"
EndProject
Project("{FAE04EC0-301F-11D3-BF4B-00C04F79EFBC}") = "GeoUsersUI", "GeoUsersUI\GeoUsersUI.csproj", "{8D2C69B9-7696-43FF-A908-A2FAE2DC75B6}"
EndProject
Global
	GlobalSection(SolutionConfigurationPlatforms) = preSolution
		Debug|Any CPU = Debug|Any CPU
		Release|Any CPU = Release|Any CPU
	EndGlobalSection
	GlobalSection(ProjectConfigurationPlatforms) = postSolution
		{88033076-61F4-4D35-A975-53E3F62CAEB7}.Debug|Any CPU.ActiveCfg = Debug|Any CPU
		{88033076-61F4-4D35-A975-53E3F62CAEB7}.Debug|Any CPU.Build.0 = Debug|Any CPU
		{88033076-61F4-4D35-A975-53E3F62CAEB7}.Release|Any CPU.ActiveCfg = Release|Any CPU
		{88033076-61F4-4D35-A975-53E3F62CAEB7}.Release|Any CPU.Build.0 = Release|Any CPU
		{1F6187D2-98F3-4221-B8C5-26D44604E50A}.Debug|Any CPU.ActiveCfg = Debug|Any CPU
		{1F6187D2-98F3-4221-B8C5-26D44604E50A}.Debug|Any CPU.Build.0 = Debug|Any CPU
		{1F6187D2-98F3-4221-B8C5-26D44604E50A}.Release|Any CPU.ActiveCfg = Release|Any CPU
		{1F6187D2-98F3-4221-B8C5-26D44604E50A}.Release|Any CPU.Build.0 = Release|Any CPU
		{8D2C69B9-7696-43FF-A908-A2FAE2DC75B6}.Debug|Any CPU.ActiveCfg = Debug|Any CPU
		{8D2C69B9-7696-43FF-A908-A2FAE2DC75B6}.Debug|Any CPU.Build.0 = Debug|Any CPU
		{8D2C69B9-7696-43FF-A908-A2FAE2DC75B6}.Release|Any CPU.ActiveCfg = Release|Any CPU
		{8D2C69B9-7696-43FF-A908-A2FAE2DC75B6}.Release|Any CPU.Build.0 = Release|Any CPU
	EndGlobalSection
	GlobalSection(SolutionProperties) = preSolution
		HideSolutionNode = FALSE
	EndGlobalSection
EndGlobal
